lockfileVersion: '9.0'

settings:
  autoInstallPeers: true
  excludeLinksFromLockfile: false

patchedDependencies:
  ms@2.1.3:
    hash: 72c70a64f1a8b323aa9bb42ed6ea5b19c1b67c98eec28cceb6722c8ff753474d
    path: patches/ms.patch

importers:

  .:
    dependencies:
      ms:
        specifier: 2.1.3
        version: 2.1.3(patch_hash=72c70a64f1a8b323aa9bb42ed6ea5b19c1b67c98eec28cceb6722c8ff753474d)

packages:

  ms@2.1.3:
    resolution: {integrity: sha512-6FlzubTLZG3J2a/NVCAleEhjzq5oxgHyaCU9yYXvcLsvoVaHJq/s5xXI6/XXP6tz7R9xAOtHnSO/tXtF3WRTlA==}

snapshots:

  ms@2.1.3(patch_hash=72c70a64f1a8b323aa9bb42ed6ea5b19c1b67c98eec28cceb6722c8ff753474d): {}
